
Microsoft Visual Studio Solution File, Format Version 12.00
# Visual Studio Version 17
VisualStudioVersion = 17.5.002.0
MinimumVisualStudioVersion = 10.0.40219.1
Project("{9A19103F-16F7-4668-BE54-9A1E7A4F7556}") = "PruebaTecnica.Test", "PruebaTecnica.Test\PruebaTecnica.Test.csproj", "{242A6FE3-AEF2-4F96-812F-33E50451CEFD}"
EndProject
Project("{9A19103F-16F7-4668-BE54-9A1E7A4F7556}") = "PruebaTecnica.WebApi", "PruebaTecnica.WebApi\PruebaTecnica.WebApi.csproj", "{7D4F6608-813A-4DD1-A387-231C705D61E8}"
EndProject
Project("{9A19103F-16F7-4668-BE54-9A1E7A4F7556}") = "PruebaTecnica.Application", "PruebaTecnica.Application\PruebaTecnica.Application.csproj", "{287A353B-DDBF-4862-A79F-FC71C7A565C4}"
EndProject
Project("{9A19103F-16F7-4668-BE54-9A1E7A4F7556}") = "PruebaTecnica.Infrastructure", "PruebaTecnica.Infrastructure\PruebaTecnica.Infrastructure.csproj", "{21BF321E-E9A9-4F3A-997F-F2E043E7719A}"
EndProject
Project("{FAE04EC0-301F-11D3-BF4B-00C04F79EFBC}") = "PruebaTecnica.Domain", "PruebaTecnica.Domain\PruebaTecnica.Domain.csproj", "{B12D355B-C473-4CDA-819D-87E0EE79EE62}"
EndProject
Global
	GlobalSection(SolutionConfigurationPlatforms) = preSolution
		Debug|Any CPU = Debug|Any CPU
		Release|Any CPU = Release|Any CPU
	EndGlobalSection
	GlobalSection(ProjectConfigurationPlatforms) = postSolution
		{242A6FE3-AEF2-4F96-812F-33E50451CEFD}.Debug|Any CPU.ActiveCfg = Debug|Any CPU
		{242A6FE3-AEF2-4F96-812F-33E50451CEFD}.Debug|Any CPU.Build.0 = Debug|Any CPU
		{242A6FE3-AEF2-4F96-812F-33E50451CEFD}.Release|Any CPU.ActiveCfg = Release|Any CPU
		{242A6FE3-AEF2-4F96-812F-33E50451CEFD}.Release|Any CPU.Build.0 = Release|Any CPU
		{7D4F6608-813A-4DD1-A387-231C705D61E8}.Debug|Any CPU.ActiveCfg = Debug|Any CPU
		{7D4F6608-813A-4DD1-A387-231C705D61E8}.Debug|Any CPU.Build.0 = Debug|Any CPU
		{7D4F6608-813A-4DD1-A387-231C705D61E8}.Release|Any CPU.ActiveCfg = Release|Any CPU
		{7D4F6608-813A-4DD1-A387-231C705D61E8}.Release|Any CPU.Build.0 = Release|Any CPU
		{287A353B-DDBF-4862-A79F-FC71C7A565C4}.Debug|Any CPU.ActiveCfg = Debug|Any CPU
		{287A353B-DDBF-4862-A79F-FC71C7A565C4}.Debug|Any CPU.Build.0 = Debug|Any CPU
		{287A353B-DDBF-4862-A79F-FC71C7A565C4}.Release|Any CPU.ActiveCfg = Release|Any CPU
		{287A353B-DDBF-4862-A79F-FC71C7A565C4}.Release|Any CPU.Build.0 = Release|Any CPU
		{21BF321E-E9A9-4F3A-997F-F2E043E7719A}.Debug|Any CPU.ActiveCfg = Debug|Any CPU
		{21BF321E-E9A9-4F3A-997F-F2E043E7719A}.Debug|Any CPU.Build.0 = Debug|Any CPU
		{21BF321E-E9A9-4F3A-997F-F2E043E7719A}.Release|Any CPU.ActiveCfg = Release|Any CPU
		{21BF321E-E9A9-4F3A-997F-F2E043E7719A}.Release|Any CPU.Build.0 = Release|Any CPU
		{B12D355B-C473-4CDA-819D-87E0EE79EE62}.Debug|Any CPU.ActiveCfg = Debug|Any CPU
		{B12D355B-C473-4CDA-819D-87E0EE79EE62}.Debug|Any CPU.Build.0 = Debug|Any CPU
		{B12D355B-C473-4CDA-819D-87E0EE79EE62}.Release|Any CPU.ActiveCfg = Release|Any CPU
		{B12D355B-C473-4CDA-819D-87E0EE79EE62}.Release|Any CPU.Build.0 = Release|Any CPU
	EndGlobalSection
	GlobalSection(SolutionProperties) = preSolution
		HideSolutionNode = FALSE
	EndGlobalSection
	GlobalSection(ExtensibilityGlobals) = postSolution
		SolutionGuid = {20E9891C-12FA-4F4B-A373-A3D403C38F42}
	EndGlobalSection
EndGlobal
